// !$*UTF8*$!
{
	archiveVersion = 1;
	classes = {
	};
	objectVersion = 55;
	objects = {

/* Begin PBXBuildFile section */
		2202BFAF280562E2001F5F9C /* ListEditView.swift in Sources */ = {isa = PBXBuildFile; fileRef = 2202BFAE280562E1001F5F9C /* ListEditView.swift */; };
		2208876328003CD400660951 /* GameView.body.swift in Sources */ = {isa = PBXBuildFile; fileRef = 2208876228003CD400660951 /* GameView.body.swift */; };
		2208876528003DB600660951 /* GameView.deckBody.swift in Sources */ = {isa = PBXBuildFile; fileRef = 2208876428003DB600660951 /* GameView.deckBody.swift */; };
		2208876728003E1E00660951 /* GameView.constants.swift in Sources */ = {isa = PBXBuildFile; fileRef = 2208876628003E1E00660951 /* GameView.constants.swift */; };
		221635DB27F2DA86004C0FAB /* Cardify.swift in Sources */ = {isa = PBXBuildFile; fileRef = 221635DA27F2DA86004C0FAB /* Cardify.swift */; };
		223D49872807F313002BB682 /* String.swift in Sources */ = {isa = PBXBuildFile; fileRef = 223D49862807F313002BB682 /* String.swift */; };
		2254A0692806D0EA00A84B10 /* EmojisTextField.swift in Sources */ = {isa = PBXBuildFile; fileRef = 2254A0682806D0EA00A84B10 /* EmojisTextField.swift */; };
		227ABE9127FFD85600B10766 /* MemoryGame.Card.swift in Sources */ = {isa = PBXBuildFile; fileRef = 227ABE9027FFD85600B10766 /* MemoryGame.Card.swift */; };
		227ABE9327FFDA2F00B10766 /* JsonFileHandler.swift in Sources */ = {isa = PBXBuildFile; fileRef = 227ABE9227FFDA2F00B10766 /* JsonFileHandler.swift */; };
		227ABE9527FFDA8900B10766 /* EmojiData.swift in Sources */ = {isa = PBXBuildFile; fileRef = 227ABE9427FFDA8900B10766 /* EmojiData.swift */; };
		227ABE9627FFDBE100B10766 /* Emojis.json in Resources */ = {isa = PBXBuildFile; fileRef = 22627D6927FF133600CFD70A /* Emojis.json */; };
		227ABE9827FFDC5900B10766 /* GameList.swift in Sources */ = {isa = PBXBuildFile; fileRef = 227ABE9727FFDC5900B10766 /* GameList.swift */; };
		227ABE9D27FFE0E900B10766 /* ListRow.swift in Sources */ = {isa = PBXBuildFile; fileRef = 227ABE9C27FFE0E900B10766 /* ListRow.swift */; };
		22896F0B27E84E0300A3EF8F /* MemoryGame.swift in Sources */ = {isa = PBXBuildFile; fileRef = 22896F0A27E84E0300A3EF8F /* MemoryGame.swift */; };
		22896F0D27E852E500A3EF8F /* MemoryGameHandler.swift in Sources */ = {isa = PBXBuildFile; fileRef = 22896F0C27E852E500A3EF8F /* MemoryGameHandler.swift */; };
		22A65BE42807F05500173AF0 /* Color.swift in Sources */ = {isa = PBXBuildFile; fileRef = 22A65BE32807F05500173AF0 /* Color.swift */; };
		22BCC2B827ED989500EF7273 /* AspectVGrid.swift in Sources */ = {isa = PBXBuildFile; fileRef = 22BCC2B727ED989500EF7273 /* AspectVGrid.swift */; };
		22BCC2BA27EDAB9400EF7273 /* CardView.swift in Sources */ = {isa = PBXBuildFile; fileRef = 22BCC2B927EDAB9400EF7273 /* CardView.swift */; };
		22BCC2BC27EDEB1F00EF7273 /* Pie.swift in Sources */ = {isa = PBXBuildFile; fileRef = 22BCC2BB27EDEB1F00EF7273 /* Pie.swift */; };
		22C9EAAD27E5BA2100E2A755 /* MemorizeApp.swift in Sources */ = {isa = PBXBuildFile; fileRef = 22C9EAAC27E5BA2100E2A755 /* MemorizeApp.swift */; };
		22C9EAAF27E5BA2100E2A755 /* GameView.swift in Sources */ = {isa = PBXBuildFile; fileRef = 22C9EAAE27E5BA2100E2A755 /* GameView.swift */; };
		22C9EAB127E5BA2300E2A755 /* Assets.xcassets in Resources */ = {isa = PBXBuildFile; fileRef = 22C9EAB027E5BA2300E2A755 /* Assets.xcassets */; };
		22C9EAB427E5BA2300E2A755 /* Preview Assets.xcassets in Resources */ = {isa = PBXBuildFile; fileRef = 22C9EAB327E5BA2300E2A755 /* Preview Assets.xcassets */; };
		22F7F73B28095ACD00A42B4E /* GameView.discardPile.swift in Sources */ = {isa = PBXBuildFile; fileRef = 22F7F73A28095ACD00A42B4E /* GameView.discardPile.swift */; };
/* End PBXBuildFile section */

/* Begin PBXFileReference section */
		2202BFAE280562E1001F5F9C /* ListEditView.swift */ = {isa = PBXFileReference; lastKnownFileType = sourcecode.swift; path = ListEditView.swift; sourceTree = "<group>"; };
		2208876228003CD400660951 /* GameView.body.swift */ = {isa = PBXFileReference; lastKnownFileType = sourcecode.swift; path = GameView.body.swift; sourceTree = "<group>"; };
		2208876428003DB600660951 /* GameView.deckBody.swift */ = {isa = PBXFileReference; lastKnownFileType = sourcecode.swift; path = GameView.deckBody.swift; sourceTree = "<group>"; };
		2208876628003E1E00660951 /* GameView.constants.swift */ = {isa = PBXFileReference; lastKnownFileType = sourcecode.swift; path = GameView.constants.swift; sourceTree = "<group>"; };
		221635DA27F2DA86004C0FAB /* Cardify.swift */ = {isa = PBXFileReference; lastKnownFileType = sourcecode.swift; path = Cardify.swift; sourceTree = "<group>"; };
		223D49862807F313002BB682 /* String.swift */ = {isa = PBXFileReference; lastKnownFileType = sourcecode.swift; path = String.swift; sourceTree = "<group>"; };
		2254A0682806D0EA00A84B10 /* EmojisTextField.swift */ = {isa = PBXFileReference; lastKnownFileType = sourcecode.swift; path = EmojisTextField.swift; sourceTree = "<group>"; };
		22627D6927FF133600CFD70A /* Emojis.json */ = {isa = PBXFileReference; lastKnownFileType = text.json; path = Emojis.json; sourceTree = "<group>"; };
		227ABE9027FFD85600B10766 /* MemoryGame.Card.swift */ = {isa = PBXFileReference; lastKnownFileType = sourcecode.swift; path = MemoryGame.Card.swift; sourceTree = "<group>"; };
		227ABE9227FFDA2F00B10766 /* JsonFileHandler.swift */ = {isa = PBXFileReference; lastKnownFileType = sourcecode.swift; path = JsonFileHandler.swift; sourceTree = "<group>"; };
		227ABE9427FFDA8900B10766 /* EmojiData.swift */ = {isa = PBXFileReference; lastKnownFileType = sourcecode.swift; path = EmojiData.swift; sourceTree = "<group>"; };
		227ABE9727FFDC5900B10766 /* GameList.swift */ = {isa = PBXFileReference; lastKnownFileType = sourcecode.swift; path = GameList.swift; sourceTree = "<group>"; };
		227ABE9C27FFE0E900B10766 /* ListRow.swift */ = {isa = PBXFileReference; lastKnownFileType = sourcecode.swift; path = ListRow.swift; sourceTree = "<group>"; };
		22896F0A27E84E0300A3EF8F /* MemoryGame.swift */ = {isa = PBXFileReference; lastKnownFileType = sourcecode.swift; path = MemoryGame.swift; sourceTree = "<group>"; };
		22896F0C27E852E500A3EF8F /* MemoryGameHandler.swift */ = {isa = PBXFileReference; lastKnownFileType = sourcecode.swift; path = MemoryGameHandler.swift; sourceTree = "<group>"; };
		22A65BE32807F05500173AF0 /* Color.swift */ = {isa = PBXFileReference; lastKnownFileType = sourcecode.swift; path = Color.swift; sourceTree = "<group>"; };
		22BCC2B727ED989500EF7273 /* AspectVGrid.swift */ = {isa = PBXFileReference; lastKnownFileType = sourcecode.swift; path = AspectVGrid.swift; sourceTree = "<group>"; };
		22BCC2B927EDAB9400EF7273 /* CardView.swift */ = {isa = PBXFileReference; lastKnownFileType = sourcecode.swift; path = CardView.swift; sourceTree = "<group>"; };
		22BCC2BB27EDEB1F00EF7273 /* Pie.swift */ = {isa = PBXFileReference; lastKnownFileType = sourcecode.swift; path = Pie.swift; sourceTree = "<group>"; };
		22C9EAA927E5BA2100E2A755 /* Memorize.app */ = {isa = PBXFileReference; explicitFileType = wrapper.application; includeInIndex = 0; path = Memorize.app; sourceTree = BUILT_PRODUCTS_DIR; };
		22C9EAAC27E5BA2100E2A755 /* MemorizeApp.swift */ = {isa = PBXFileReference; lastKnownFileType = sourcecode.swift; path = MemorizeApp.swift; sourceTree = "<group>"; };
		22C9EAAE27E5BA2100E2A755 /* GameView.swift */ = {isa = PBXFileReference; lastKnownFileType = sourcecode.swift; path = GameView.swift; sourceTree = "<group>"; };
		22C9EAB027E5BA2300E2A755 /* Assets.xcassets */ = {isa = PBXFileReference; lastKnownFileType = folder.assetcatalog; path = Assets.xcassets; sourceTree = "<group>"; };
		22C9EAB327E5BA2300E2A755 /* Preview Assets.xcassets */ = {isa = PBXFileReference; lastKnownFileType = folder.assetcatalog; path = "Preview Assets.xcassets"; sourceTree = "<group>"; };
		22F7F73A28095ACD00A42B4E /* GameView.discardPile.swift */ = {isa = PBXFileReference; lastKnownFileType = sourcecode.swift; path = GameView.discardPile.swift; sourceTree = "<group>"; };
/* End PBXFileReference section */

/* Begin PBXFrameworksBuildPhase section */
		22C9EAA627E5BA2100E2A755 /* Frameworks */ = {
			isa = PBXFrameworksBuildPhase;
			buildActionMask = 2147483647;
			files = (
			);
			runOnlyForDeploymentPostprocessing = 0;
		};
/* End PBXFrameworksBuildPhase section */

/* Begin PBXGroup section */
		22627D6827FF130900CFD70A /* Resources */ = {
			isa = PBXGroup;
			children = (
				22C9EAB027E5BA2300E2A755 /* Assets.xcassets */,
				22627D6927FF133600CFD70A /* Emojis.json */,
			);
			path = Resources;
			sourceTree = "<group>";
		};
		227ABE8A27FFD70200B10766 /* Views */ = {
			isa = PBXGroup;
			children = (
				227ABE9E280039BA00B10766 /* Game */,
				227ABE9A27FFE06600B10766 /* GameList */,
				227ABE9927FFE02500B10766 /* Card */,
			);
			path = Views;
			sourceTree = "<group>";
		};
		227ABE8B27FFD72D00B10766 /* Helper */ = {
			isa = PBXGroup;
			children = (
				227ABE8E27FFD74200B10766 /* Tools */,
				227ABE8D27FFD73B00B10766 /* Extensions */,
				227ABE8C27FFD73400B10766 /* Views */,
			);
			path = Helper;
			sourceTree = "<group>";
		};
		227ABE8C27FFD73400B10766 /* Views */ = {
			isa = PBXGroup;
			children = (
				2254A0682806D0EA00A84B10 /* EmojisTextField.swift */,
				22BCC2B727ED989500EF7273 /* AspectVGrid.swift */,
			);
			path = Views;
			sourceTree = "<group>";
		};
		227ABE8D27FFD73B00B10766 /* Extensions */ = {
			isa = PBXGroup;
			children = (
				22A65BE32807F05500173AF0 /* Color.swift */,
				223D49862807F313002BB682 /* String.swift */,
			);
			path = Extensions;
			sourceTree = "<group>";
		};
		227ABE8E27FFD74200B10766 /* Tools */ = {
			isa = PBXGroup;
			children = (
				22BCC2BB27EDEB1F00EF7273 /* Pie.swift */,
				227ABE9227FFDA2F00B10766 /* JsonFileHandler.swift */,
			);
			path = Tools;
			sourceTree = "<group>";
		};
		227ABE8F27FFD7CA00B10766 /* Model */ = {
			isa = PBXGroup;
			children = (
				22896F0A27E84E0300A3EF8F /* MemoryGame.swift */,
				227ABE9027FFD85600B10766 /* MemoryGame.Card.swift */,
				22896F0C27E852E500A3EF8F /* MemoryGameHandler.swift */,
				227ABE9427FFDA8900B10766 /* EmojiData.swift */,
			);
			path = Model;
			sourceTree = "<group>";
		};
		227ABE9927FFE02500B10766 /* Card */ = {
			isa = PBXGroup;
			children = (
				221635DA27F2DA86004C0FAB /* Cardify.swift */,
				22BCC2B927EDAB9400EF7273 /* CardView.swift */,
			);
			path = Card;
			sourceTree = "<group>";
		};
		227ABE9A27FFE06600B10766 /* GameList */ = {
			isa = PBXGroup;
			children = (
				227ABE9727FFDC5900B10766 /* GameList.swift */,
				2202BFAE280562E1001F5F9C /* ListEditView.swift */,
				227ABE9C27FFE0E900B10766 /* ListRow.swift */,
			);
			path = GameList;
			sourceTree = "<group>";
		};
		227ABE9E280039BA00B10766 /* Game */ = {
			isa = PBXGroup;
			children = (
				22C9EAAE27E5BA2100E2A755 /* GameView.swift */,
				2208876628003E1E00660951 /* GameView.constants.swift */,
				2208876428003DB600660951 /* GameView.deckBody.swift */,
				22F7F73A28095ACD00A42B4E /* GameView.discardPile.swift */,
				2208876228003CD400660951 /* GameView.body.swift */,
			);
			path = Game;
			sourceTree = "<group>";
		};
		22C9EAA027E5BA2000E2A755 = {
			isa = PBXGroup;
			children = (
				22C9EAAB27E5BA2100E2A755 /* Memorize */,
				22C9EAAA27E5BA2100E2A755 /* Products */,
			);
			sourceTree = "<group>";
		};
		22C9EAAA27E5BA2100E2A755 /* Products */ = {
			isa = PBXGroup;
			children = (
				22C9EAA927E5BA2100E2A755 /* Memorize.app */,
			);
			name = Products;
			sourceTree = "<group>";
		};
		22C9EAAB27E5BA2100E2A755 /* Memorize */ = {
			isa = PBXGroup;
			children = (
				227ABE8F27FFD7CA00B10766 /* Model */,
				227ABE8B27FFD72D00B10766 /* Helper */,
				227ABE8A27FFD70200B10766 /* Views */,
				22627D6827FF130900CFD70A /* Resources */,
				22C9EAAC27E5BA2100E2A755 /* MemorizeApp.swift */,
				22C9EAB227E5BA2300E2A755 /* Preview Content */,
			);
			path = Memorize;
			sourceTree = "<group>";
		};
		22C9EAB227E5BA2300E2A755 /* Preview Content */ = {
			isa = PBXGroup;
			children = (
				22C9EAB327E5BA2300E2A755 /* Preview Assets.xcassets */,
			);
			path = "Preview Content";
			sourceTree = "<group>";
		};
/* End PBXGroup section */

/* Begin PBXNativeTarget section */
		22C9EAA827E5BA2100E2A755 /* Memorize */ = {
			isa = PBXNativeTarget;
			buildConfigurationList = 22C9EAB727E5BA2300E2A755 /* Build configuration list for PBXNativeTarget "Memorize" */;
			buildPhases = (
				22C9EAA527E5BA2100E2A755 /* Sources */,
				22C9EAA627E5BA2100E2A755 /* Frameworks */,
				22C9EAA727E5BA2100E2A755 /* Resources */,
			);
			buildRules = (
			);
			dependencies = (
			);
			name = Memorize;
			productName = Memorize;
			productReference = 22C9EAA927E5BA2100E2A755 /* Memorize.app */;
			productType = "com.apple.product-type.application";
		};
/* End PBXNativeTarget section */

/* Begin PBXProject section */
		22C9EAA127E5BA2100E2A755 /* Project object */ = {
			isa = PBXProject;
			attributes = {
				BuildIndependentTargetsInParallel = 1;
				LastSwiftUpdateCheck = 1330;
				LastUpgradeCheck = 1330;
				TargetAttributes = {
					22C9EAA827E5BA2100E2A755 = {
						CreatedOnToolsVersion = 13.3;
					};
				};
			};
			buildConfigurationList = 22C9EAA427E5BA2100E2A755 /* Build configuration list for PBXProject "Memorize" */;
			compatibilityVersion = "Xcode 13.0";
			developmentRegion = en;
			hasScannedForEncodings = 0;
			knownRegions = (
				en,
				Base,
			);
			mainGroup = 22C9EAA027E5BA2000E2A755;
			productRefGroup = 22C9EAAA27E5BA2100E2A755 /* Products */;
			projectDirPath = "";
			projectRoot = "";
			targets = (
				22C9EAA827E5BA2100E2A755 /* Memorize */,
			);
		};
/* End PBXProject section */

/* Begin PBXResourcesBuildPhase section */
		22C9EAA727E5BA2100E2A755 /* Resources */ = {
			isa = PBXResourcesBuildPhase;
			buildActionMask = 2147483647;
			files = (
				227ABE9627FFDBE100B10766 /* Emojis.json in Resources */,
				22C9EAB427E5BA2300E2A755 /* Preview Assets.xcassets in Resources */,
				22C9EAB127E5BA2300E2A755 /* Assets.xcassets in Resources */,
			);
			runOnlyForDeploymentPostprocessing = 0;
		};
/* End PBXResourcesBuildPhase section */

/* Begin PBXSourcesBuildPhase section */
		22C9EAA527E5BA2100E2A755 /* Sources */ = {
			isa = PBXSourcesBuildPhase;
			buildActionMask = 2147483647;
			files = (
				22C9EAAF27E5BA2100E2A755 /* GameView.swift in Sources */,
				2254A0692806D0EA00A84B10 /* EmojisTextField.swift in Sources */,
				22A65BE42807F05500173AF0 /* Color.swift in Sources */,
				227ABE9D27FFE0E900B10766 /* ListRow.swift in Sources */,
				22896F0B27E84E0300A3EF8F /* MemoryGame.swift in Sources */,
				227ABE9827FFDC5900B10766 /* GameList.swift in Sources */,
				227ABE9127FFD85600B10766 /* MemoryGame.Card.swift in Sources */,
				221635DB27F2DA86004C0FAB /* Cardify.swift in Sources */,
				227ABE9527FFDA8900B10766 /* EmojiData.swift in Sources */,
				22C9EAAD27E5BA2100E2A755 /* MemorizeApp.swift in Sources */,
				22BCC2B827ED989500EF7273 /* AspectVGrid.swift in Sources */,
				2202BFAF280562E2001F5F9C /* ListEditView.swift in Sources */,
				22F7F73B28095ACD00A42B4E /* GameView.discardPile.swift in Sources */,
				2208876328003CD400660951 /* GameView.body.swift in Sources */,
				2208876528003DB600660951 /* GameView.deckBody.swift in Sources */,
				227ABE9327FFDA2F00B10766 /* JsonFileHandler.swift in Sources */,
				22BCC2BC27EDEB1F00EF7273 /* Pie.swift in Sources */,
				22BCC2BA27EDAB9400EF7273 /* CardView.swift in Sources */,
				223D49872807F313002BB682 /* String.swift in Sources */,
				22896F0D27E852E500A3EF8F /* MemoryGameHandler.swift in Sources */,
				2208876728003E1E00660951 /* GameView.constants.swift in Sources */,
			);
			runOnlyForDeploymentPostprocessing = 0;
		};
/* End PBXSourcesBuildPhase section */

/* Begin XCBuildConfiguration section */
		22C9EAB527E5BA2300E2A755 /* Debug */ = {
			isa = XCBuildConfiguration;
			buildSettings = {
				ALWAYS_SEARCH_USER_PATHS = NO;
				CLANG_ANALYZER_NONNULL = YES;
				CLANG_ANALYZER_NUMBER_OBJECT_CONVERSION = YES_AGGRESSIVE;
				CLANG_CXX_LANGUAGE_STANDARD = "gnu++17";
				CLANG_ENABLE_MODULES = YES;
				CLANG_ENABLE_OBJC_ARC = YES;
				CLANG_ENABLE_OBJC_WEAK = YES;
				CLANG_WARN_BLOCK_CAPTURE_AUTORELEASING = YES;
				CLANG_WARN_BOOL_CONVERSION = YES;
				CLANG_WARN_COMMA = YES;
				CLANG_WARN_CONSTANT_CONVERSION = YES;
				CLANG_WARN_DEPRECATED_OBJC_IMPLEMENTATIONS = YES;
				CLANG_WARN_DIRECT_OBJC_ISA_USAGE = YES_ERROR;
				CLANG_WARN_DOCUMENTATION_COMMENTS = YES;
				CLANG_WARN_EMPTY_BODY = YES;
				CLANG_WARN_ENUM_CONVERSION = YES;
				CLANG_WARN_INFINITE_RECURSION = YES;
				CLANG_WARN_INT_CONVERSION = YES;
				CLANG_WARN_NON_LITERAL_NULL_CONVERSION = YES;
				CLANG_WARN_OBJC_IMPLICIT_RETAIN_SELF = YES;
				CLANG_WARN_OBJC_LITERAL_CONVERSION = YES;
				CLANG_WARN_OBJC_ROOT_CLASS = YES_ERROR;
				CLANG_WARN_QUOTED_INCLUDE_IN_FRAMEWORK_HEADER = YES;
				CLANG_WARN_RANGE_LOOP_ANALYSIS = YES;
				CLANG_WARN_STRICT_PROTOTYPES = YES;
				CLANG_WARN_SUSPICIOUS_MOVE = YES;
				CLANG_WARN_UNGUARDED_AVAILABILITY = YES_AGGRESSIVE;
				CLANG_WARN_UNREACHABLE_CODE = YES;
				CLANG_WARN__DUPLICATE_METHOD_MATCH = YES;
				COPY_PHASE_STRIP = NO;
				DEBUG_INFORMATION_FORMAT = dwarf;
				ENABLE_STRICT_OBJC_MSGSEND = YES;
				ENABLE_TESTABILITY = YES;
				GCC_C_LANGUAGE_STANDARD = gnu11;
				GCC_DYNAMIC_NO_PIC = NO;
				GCC_NO_COMMON_BLOCKS = YES;
				GCC_OPTIMIZATION_LEVEL = 0;
				GCC_PREPROCESSOR_DEFINITIONS = (
					"DEBUG=1",
					"$(inherited)",
				);
				GCC_WARN_64_TO_32_BIT_CONVERSION = YES;
				GCC_WARN_ABOUT_RETURN_TYPE = YES_ERROR;
				GCC_WARN_UNDECLARED_SELECTOR = YES;
				GCC_WARN_UNINITIALIZED_AUTOS = YES_AGGRESSIVE;
				GCC_WARN_UNUSED_FUNCTION = YES;
				GCC_WARN_UNUSED_VARIABLE = YES;
				IPHONEOS_DEPLOYMENT_TARGET = 15.4;
				MTL_ENABLE_DEBUG_INFO = INCLUDE_SOURCE;
				MTL_FAST_MATH = YES;
				ONLY_ACTIVE_ARCH = YES;
				SDKROOT = iphoneos;
				SWIFT_ACTIVE_COMPILATION_CONDITIONS = DEBUG;
				SWIFT_OPTIMIZATION_LEVEL = "-Onone";
			};
			name = Debug;
		};
		22C9EAB627E5BA2300E2A755 /* Release */ = {
			isa = XCBuildConfiguration;
			buildSettings = {
				ALWAYS_SEARCH_USER_PATHS = NO;
				CLANG_ANALYZER_NONNULL = YES;
				CLANG_ANALYZER_NUMBER_OBJECT_CONVERSION = YES_AGGRESSIVE;
				CLANG_CXX_LANGUAGE_STANDARD = "gnu++17";
				CLANG_ENABLE_MODULES = YES;
				CLANG_ENABLE_OBJC_ARC = YES;
				CLANG_ENABLE_OBJC_WEAK = YES;
				CLANG_WARN_BLOCK_CAPTURE_AUTORELEASING = YES;
				CLANG_WARN_BOOL_CONVERSION = YES;
				CLANG_WARN_COMMA = YES;
				CLANG_WARN_CONSTANT_CONVERSION = YES;
				CLANG_WARN_DEPRECATED_OBJC_IMPLEMENTATIONS = YES;
				CLANG_WARN_DIRECT_OBJC_ISA_USAGE = YES_ERROR;
				CLANG_WARN_DOCUMENTATION_COMMENTS = YES;
				CLANG_WARN_EMPTY_BODY = YES;
				CLANG_WARN_ENUM_CONVERSION = YES;
				CLANG_WARN_INFINITE_RECURSION = YES;
				CLANG_WARN_INT_CONVERSION = YES;
				CLANG_WARN_NON_LITERAL_NULL_CONVERSION = YES;
				CLANG_WARN_OBJC_IMPLICIT_RETAIN_SELF = YES;
				CLANG_WARN_OBJC_LITERAL_CONVERSION = YES;
				CLANG_WARN_OBJC_ROOT_CLASS = YES_ERROR;
				CLANG_WARN_QUOTED_INCLUDE_IN_FRAMEWORK_HEADER = YES;
				CLANG_WARN_RANGE_LOOP_ANALYSIS = YES;
				CLANG_WARN_STRICT_PROTOTYPES = YES;
				CLANG_WARN_SUSPICIOUS_MOVE = YES;
				CLANG_WARN_UNGUARDED_AVAILABILITY = YES_AGGRESSIVE;
				CLANG_WARN_UNREACHABLE_CODE = YES;
				CLANG_WARN__DUPLICATE_METHOD_MATCH = YES;
				COPY_PHASE_STRIP = NO;
				DEBUG_INFORMATION_FORMAT = "dwarf-with-dsym";
				ENABLE_NS_ASSERTIONS = NO;
				ENABLE_STRICT_OBJC_MSGSEND = YES;
				GCC_C_LANGUAGE_STANDARD = gnu11;
				GCC_NO_COMMON_BLOCKS = YES;
				GCC_WARN_64_TO_32_BIT_CONVERSION = YES;
				GCC_WARN_ABOUT_RETURN_TYPE = YES_ERROR;
				GCC_WARN_UNDECLARED_SELECTOR = YES;
				GCC_WARN_UNINITIALIZED_AUTOS = YES_AGGRESSIVE;
				GCC_WARN_UNUSED_FUNCTION = YES;
				GCC_WARN_UNUSED_VARIABLE = YES;
				IPHONEOS_DEPLOYMENT_TARGET = 15.4;
				MTL_ENABLE_DEBUG_INFO = NO;
				MTL_FAST_MATH = YES;
				SDKROOT = iphoneos;
				SWIFT_COMPILATION_MODE = wholemodule;
				SWIFT_OPTIMIZATION_LEVEL = "-O";
				VALIDATE_PRODUCT = YES;
			};
			name = Release;
		};
		22C9EAB827E5BA2300E2A755 /* Debug */ = {
			isa = XCBuildConfiguration;
			buildSettings = {
				ASSETCATALOG_COMPILER_APPICON_NAME = AppIcon;
				ASSETCATALOG_COMPILER_GLOBAL_ACCENT_COLOR_NAME = AccentColor;
				CODE_SIGN_STYLE = Automatic;
				CURRENT_PROJECT_VERSION = 1;
				DEVELOPMENT_ASSET_PATHS = "\"Memorize/Preview Content\"";
				DEVELOPMENT_TEAM = 8CH8W8L8H3;
				ENABLE_PREVIEWS = YES;
				GENERATE_INFOPLIST_FILE = YES;
				INFOPLIST_KEY_UIApplicationSceneManifest_Generation = YES;
				INFOPLIST_KEY_UIApplicationSupportsIndirectInputEvents = YES;
				INFOPLIST_KEY_UILaunchScreen_Generation = YES;
				INFOPLIST_KEY_UISupportedInterfaceOrientations = "UIInterfaceOrientationPortrait UIInterfaceOrientationLandscapeLeft UIInterfaceOrientationLandscapeRight";
				INFOPLIST_KEY_UISupportedInterfaceOrientations_iPad = "UIInterfaceOrientationPortrait UIInterfaceOrientationPortraitUpsideDown UIInterfaceOrientationLandscapeLeft UIInterfaceOrientationLandscapeRight";
				INFOPLIST_KEY_UISupportedInterfaceOrientations_iPhone = "UIInterfaceOrientationPortrait UIInterfaceOrientationLandscapeLeft UIInterfaceOrientationLandscapeRight";
				LD_RUNPATH_SEARCH_PATHS = (
					"$(inherited)",
					"@executable_path/Frameworks",
				);
				MARKETING_VERSION = 1.0;
				PRODUCT_BUNDLE_IDENTIFIER = "ChrisFreeMan-hotmail.com.Memorize";
				PRODUCT_NAME = "$(TARGET_NAME)";
				SWIFT_EMIT_LOC_STRINGS = YES;
				SWIFT_VERSION = 5.0;
				TARGETED_DEVICE_FAMILY = "1,2";
			};
			name = Debug;
		};
		22C9EAB927E5BA2300E2A755 /* Release */ = {
			isa = XCBuildConfiguration;
			buildSettings = {
				ASSETCATALOG_COMPILER_APPICON_NAME = AppIcon;
				ASSETCATALOG_COMPILER_GLOBAL_ACCENT_COLOR_NAME = AccentColor;
				CODE_SIGN_STYLE = Automatic;
				CURRENT_PROJECT_VERSION = 1;
				DEVELOPMENT_ASSET_PATHS = "\"Memorize/Preview Content\"";
				DEVELOPMENT_TEAM = 8CH8W8L8H3;
				ENABLE_PREVIEWS = YES;
				GENERATE_INFOPLIST_FILE = YES;
				INFOPLIST_KEY_UIApplicationSceneManifest_Generation = YES;
				INFOPLIST_KEY_UIApplicationSupportsIndirectInputEvents = YES;
				INFOPLIST_KEY_UILaunchScreen_Generation = YES;
				INFOPLIST_KEY_UISupportedInterfaceOrientations = "UIInterfaceOrientationPortrait UIInterfaceOrientationLandscapeLeft UIInterfaceOrientationLandscapeRight";
				INFOPLIST_KEY_UISupportedInterfaceOrientations_iPad = "UIInterfaceOrientationPortrait UIInterfaceOrientationPortraitUpsideDown UIInterfaceOrientationLandscapeLeft UIInterfaceOrientationLandscapeRight";
				INFOPLIST_KEY_UISupportedInterfaceOrientations_iPhone = "UIInterfaceOrientationPortrait UIInterfaceOrientationLandscapeLeft UIInterfaceOrientationLandscapeRight";
				LD_RUNPATH_SEARCH_PATHS = (
					"$(inherited)",
					"@executable_path/Frameworks",
				);
				MARKETING_VERSION = 1.0;
				PRODUCT_BUNDLE_IDENTIFIER = "ChrisFreeMan-hotmail.com.Memorize";
				PRODUCT_NAME = "$(TARGET_NAME)";
				SWIFT_EMIT_LOC_STRINGS = YES;
				SWIFT_VERSION = 5.0;
				TARGETED_DEVICE_FAMILY = "1,2";
			};
			name = Release;
		};
/* End XCBuildConfiguration section */

/* Begin XCConfigurationList section */
		22C9EAA427E5BA2100E2A755 /* Build configuration list for PBXProject "Memorize" */ = {
			isa = XCConfigurationList;
			buildConfigurations = (
				22C9EAB527E5BA2300E2A755 /* Debug */,
				22C9EAB627E5BA2300E2A755 /* Release */,
			);
			defaultConfigurationIsVisible = 0;
			defaultConfigurationName = Release;
		};
		22C9EAB727E5BA2300E2A755 /* Build configuration list for PBXNativeTarget "Memorize" */ = {
			isa = XCConfigurationList;
			buildConfigurations = (
				22C9EAB827E5BA2300E2A755 /* Debug */,
				22C9EAB927E5BA2300E2A755 /* Release */,
			);
			defaultConfigurationIsVisible = 0;
			defaultConfigurationName = Release;
		};
/* End XCConfigurationList section */
	};
	rootObject = 22C9EAA127E5BA2100E2A755 /* Project object */;
}
